PODS:
  - Alamofire (5.6.2)
  - Charts (3.6.0):
    - Charts/Core (= 3.6.0)
  - Charts/Core (3.6.0)
  - lottie-ios (2.5.3)
  - MJRefresh (3.7.5)
  - SDWebImage (5.12.6):
    - SDWebImage/Core (= 5.12.6)
  - SDWebImage/Core (5.12.6)
  - SnapKit (5.6.0)
  - Starscream (4.0.4)
  - SwiftTheme (0.6.4)
  - SYProgressView (1.1.3)

DEPENDENCIES:
  - Alamofire
  - Charts (~> 3.6.0)
  - lottie-ios (~> 2.5.3)
  - MJRefresh (~> 3.7.5)
  - SDWebImage (~> 5.12.5)
  - SnapKit
  - Starscream
  - SwiftTheme
  - SYProgressView

SPEC REPOS:
  trunk:
    - Alamofire
    - Charts
    - lottie-ios
    - MJRefresh
    - SDWebImage
    - SnapKit
    - Starscream
    - SwiftTheme
    - SYProgressView

SPEC CHECKSUMS:
  Alamofire: d368e1ff8a298e6dde360e35a3e68e6c610e7204
  Charts: b1e3a1f5a1c9ba5394438ca3b91bd8c9076310af
  lottie-ios: a50d5c0160425cd4b01b852bb9578963e6d92d31
  MJRefresh: fdf5e979eb406a0341468932d1dfc8b7f9fce961
  SDWebImage: a47aea9e3d8816015db4e523daff50cfd294499d
  SnapKit: e01d52ebb8ddbc333eefe2132acf85c8227d9c25
  Starscream: 5178aed56b316f13fa3bc55694e583d35dd414d9
  SwiftTheme: 007cbaf1f9e171caf6448a4657533e54c682b285
  SYProgressView: db4ddd548579f75be8ab213559722f791ebbd9f0

PODFILE CHECKSUM: 789852186d40ffdee29513a8466318ef62cf6b85

COCOAPODS: 1.11.3
