// !$*UTF8*$!
{
	archiveVersion = 1;
	classes = {
	};
	objectVersion = 55;
	objects = {

/* Begin PBXBuildFile section */
		2F9A532A8A4AD3EB7C0B1D8C /* Pods_BDComponetsSDK.framework in Frameworks */ = {isa = PBXBuildFile; fileRef = BDAA4F3215C462CDF2C3B92A /* Pods_BDComponetsSDK.framework */; };
		771699392913B6D50024DC9E /* AppDelegate.m in Sources */ = {isa = PBXBuildFile; fileRef = 771699382913B6D50024DC9E /* AppDelegate.m */; };
		7716993C2913B6D50024DC9E /* SceneDelegate.m in Sources */ = {isa = PBXBuildFile; fileRef = 7716993B2913B6D50024DC9E /* SceneDelegate.m */; };
		7716993F2913B6D50024DC9E /* ViewController.m in Sources */ = {isa = PBXBuildFile; fileRef = 7716993E2913B6D50024DC9E /* ViewController.m */; };
		771699422913B6D50024DC9E /* Main.storyboard in Resources */ = {isa = PBXBuildFile; fileRef = 771699402913B6D50024DC9E /* Main.storyboard */; };
		771699442913B6D80024DC9E /* Assets.xcassets in Resources */ = {isa = PBXBuildFile; fileRef = 771699432913B6D80024DC9E /* Assets.xcassets */; };
		771699472913B6D80024DC9E /* LaunchScreen.storyboard in Resources */ = {isa = PBXBuildFile; fileRef = 771699452913B6D80024DC9E /* LaunchScreen.storyboard */; };
		7716994A2913B6D80024DC9E /* main.m in Sources */ = {isa = PBXBuildFile; fileRef = 771699492913B6D80024DC9E /* main.m */; };
		771699532913BBC30024DC9E /* CoinTools.xcframework in Frameworks */ = {isa = PBXBuildFile; fileRef = 771699512913BB8B0024DC9E /* CoinTools.xcframework */; };
		771699542913BBC30024DC9E /* CoinTools.xcframework in Embed Frameworks */ = {isa = PBXBuildFile; fileRef = 771699512913BB8B0024DC9E /* CoinTools.xcframework */; settings = {ATTRIBUTES = (CodeSignOnCopy, RemoveHeadersOnCopy, ); }; };
/* End PBXBuildFile section */

/* Begin PBXCopyFilesBuildPhase section */
		771699552913BBC30024DC9E /* Embed Frameworks */ = {
			isa = PBXCopyFilesBuildPhase;
			buildActionMask = 2147483647;
			dstPath = "";
			dstSubfolderSpec = 10;
			files = (
				771699542913BBC30024DC9E /* CoinTools.xcframework in Embed Frameworks */,
			);
			name = "Embed Frameworks";
			runOnlyForDeploymentPostprocessing = 0;
		};
/* End PBXCopyFilesBuildPhase section */

/* Begin PBXFileReference section */
		38EFABEA29EBE250CA31E1CF /* Pods-BDComponetsSDK.debug.xcconfig */ = {isa = PBXFileReference; includeInIndex = 1; lastKnownFileType = text.xcconfig; name = "Pods-BDComponetsSDK.debug.xcconfig"; path = "Target Support Files/Pods-BDComponetsSDK/Pods-BDComponetsSDK.debug.xcconfig"; sourceTree = "<group>"; };
		771699342913B6D50024DC9E /* BDComponetsSDK.app */ = {isa = PBXFileReference; explicitFileType = wrapper.application; includeInIndex = 0; path = BDComponetsSDK.app; sourceTree = BUILT_PRODUCTS_DIR; };
		771699372913B6D50024DC9E /* AppDelegate.h */ = {isa = PBXFileReference; lastKnownFileType = sourcecode.c.h; path = AppDelegate.h; sourceTree = "<group>"; };
		771699382913B6D50024DC9E /* AppDelegate.m */ = {isa = PBXFileReference; lastKnownFileType = sourcecode.c.objc; path = AppDelegate.m; sourceTree = "<group>"; };
		7716993A2913B6D50024DC9E /* SceneDelegate.h */ = {isa = PBXFileReference; lastKnownFileType = sourcecode.c.h; path = SceneDelegate.h; sourceTree = "<group>"; };
		7716993B2913B6D50024DC9E /* SceneDelegate.m */ = {isa = PBXFileReference; lastKnownFileType = sourcecode.c.objc; path = SceneDelegate.m; sourceTree = "<group>"; };
		7716993D2913B6D50024DC9E /* ViewController.h */ = {isa = PBXFileReference; lastKnownFileType = sourcecode.c.h; path = ViewController.h; sourceTree = "<group>"; };
		7716993E2913B6D50024DC9E /* ViewController.m */ = {isa = PBXFileReference; lastKnownFileType = sourcecode.c.objc; path = ViewController.m; sourceTree = "<group>"; };
		771699412913B6D50024DC9E /* Base */ = {isa = PBXFileReference; lastKnownFileType = file.storyboard; name = Base; path = Base.lproj/Main.storyboard; sourceTree = "<group>"; };
		771699432913B6D80024DC9E /* Assets.xcassets */ = {isa = PBXFileReference; lastKnownFileType = folder.assetcatalog; path = Assets.xcassets; sourceTree = "<group>"; };
		771699462913B6D80024DC9E /* Base */ = {isa = PBXFileReference; lastKnownFileType = file.storyboard; name = Base; path = Base.lproj/LaunchScreen.storyboard; sourceTree = "<group>"; };
		771699482913B6D80024DC9E /* Info.plist */ = {isa = PBXFileReference; lastKnownFileType = text.plist.xml; path = Info.plist; sourceTree = "<group>"; };
		771699492913B6D80024DC9E /* main.m */ = {isa = PBXFileReference; lastKnownFileType = sourcecode.c.objc; path = main.m; sourceTree = "<group>"; };
		771699512913BB8B0024DC9E /* CoinTools.xcframework */ = {isa = PBXFileReference; lastKnownFileType = wrapper.xcframework; path = CoinTools.xcframework; sourceTree = "<group>"; };
		BDAA4F3215C462CDF2C3B92A /* Pods_BDComponetsSDK.framework */ = {isa = PBXFileReference; explicitFileType = wrapper.framework; includeInIndex = 0; path = Pods_BDComponetsSDK.framework; sourceTree = BUILT_PRODUCTS_DIR; };
		E86AAA37CF45CCA488C04803 /* Pods-BDComponetsSDK.release.xcconfig */ = {isa = PBXFileReference; includeInIndex = 1; lastKnownFileType = text.xcconfig; name = "Pods-BDComponetsSDK.release.xcconfig"; path = "Target Support Files/Pods-BDComponetsSDK/Pods-BDComponetsSDK.release.xcconfig"; sourceTree = "<group>"; };
/* End PBXFileReference section */

/* Begin PBXFrameworksBuildPhase section */
		771699312913B6D50024DC9E /* Frameworks */ = {
			isa = PBXFrameworksBuildPhase;
			buildActionMask = 2147483647;
			files = (
				771699532913BBC30024DC9E /* CoinTools.xcframework in Frameworks */,
				2F9A532A8A4AD3EB7C0B1D8C /* Pods_BDComponetsSDK.framework in Frameworks */,
			);
			runOnlyForDeploymentPostprocessing = 0;
		};
/* End PBXFrameworksBuildPhase section */

/* Begin PBXGroup section */
		7716992B2913B6D50024DC9E = {
			isa = PBXGroup;
			children = (
				771699502913BB8B0024DC9E /* BDComponets */,
				771699362913B6D50024DC9E /* BDComponetsSDK */,
				771699352913B6D50024DC9E /* Products */,
				CA0CBEF499F602D0ED35550D /* Pods */,
				E77BF4BBD7D6AB8B228961F5 /* Frameworks */,
			);
			sourceTree = "<group>";
		};
		771699352913B6D50024DC9E /* Products */ = {
			isa = PBXGroup;
			children = (
				771699342913B6D50024DC9E /* BDComponetsSDK.app */,
			);
			name = Products;
			sourceTree = "<group>";
		};
		771699362913B6D50024DC9E /* BDComponetsSDK */ = {
			isa = PBXGroup;
			children = (
				771699372913B6D50024DC9E /* AppDelegate.h */,
				771699382913B6D50024DC9E /* AppDelegate.m */,
				7716993A2913B6D50024DC9E /* SceneDelegate.h */,
				7716993B2913B6D50024DC9E /* SceneDelegate.m */,
				7716993D2913B6D50024DC9E /* ViewController.h */,
				7716993E2913B6D50024DC9E /* ViewController.m */,
				771699402913B6D50024DC9E /* Main.storyboard */,
				771699432913B6D80024DC9E /* Assets.xcassets */,
				771699452913B6D80024DC9E /* LaunchScreen.storyboard */,
				771699482913B6D80024DC9E /* Info.plist */,
				771699492913B6D80024DC9E /* main.m */,
			);
			path = BDComponetsSDK;
			sourceTree = "<group>";
		};
		771699502913BB8B0024DC9E /* BDComponets */ = {
			isa = PBXGroup;
			children = (
				771699512913BB8B0024DC9E /* CoinTools.xcframework */,
			);
			path = BDComponets;
			sourceTree = "<group>";
		};
		CA0CBEF499F602D0ED35550D /* Pods */ = {
			isa = PBXGroup;
			children = (
				38EFABEA29EBE250CA31E1CF /* Pods-BDComponetsSDK.debug.xcconfig */,
				E86AAA37CF45CCA488C04803 /* Pods-BDComponetsSDK.release.xcconfig */,
			);
			path = Pods;
			sourceTree = "<group>";
		};
		E77BF4BBD7D6AB8B228961F5 /* Frameworks */ = {
			isa = PBXGroup;
			children = (
				BDAA4F3215C462CDF2C3B92A /* Pods_BDComponetsSDK.framework */,
			);
			name = Frameworks;
			sourceTree = "<group>";
		};
/* End PBXGroup section */

/* Begin PBXNativeTarget section */
		771699332913B6D50024DC9E /* BDComponetsSDK */ = {
			isa = PBXNativeTarget;
			buildConfigurationList = 7716994D2913B6D80024DC9E /* Build configuration list for PBXNativeTarget "BDComponetsSDK" */;
			buildPhases = (
				C40F76AFC06939F533F92BAF /* [CP] Check Pods Manifest.lock */,
				771699302913B6D50024DC9E /* Sources */,
				771699312913B6D50024DC9E /* Frameworks */,
				771699322913B6D50024DC9E /* Resources */,
				29480C56759E59499813ED3F /* [CP] Embed Pods Frameworks */,
				771699552913BBC30024DC9E /* Embed Frameworks */,
			);
			buildRules = (
			);
			dependencies = (
			);
			name = BDComponetsSDK;
			productName = BDComponetsSDK;
			productReference = 771699342913B6D50024DC9E /* BDComponetsSDK.app */;
			productType = "com.apple.product-type.application";
		};
/* End PBXNativeTarget section */

/* Begin PBXProject section */
		7716992C2913B6D50024DC9E /* Project object */ = {
			isa = PBXProject;
			attributes = {
				BuildIndependentTargetsInParallel = 1;
				LastUpgradeCheck = 1340;
				TargetAttributes = {
					771699332913B6D50024DC9E = {
						CreatedOnToolsVersion = 13.4.1;
					};
				};
			};
			buildConfigurationList = 7716992F2913B6D50024DC9E /* Build configuration list for PBXProject "BDComponetsSDK" */;
			compatibilityVersion = "Xcode 13.0";
			developmentRegion = en;
			hasScannedForEncodings = 0;
			knownRegions = (
				en,
				Base,
			);
			mainGroup = 7716992B2913B6D50024DC9E;
			productRefGroup = 771699352913B6D50024DC9E /* Products */;
			projectDirPath = "";
			projectRoot = "";
			targets = (
				771699332913B6D50024DC9E /* BDComponetsSDK */,
			);
		};
/* End PBXProject section */

/* Begin PBXResourcesBuildPhase section */
		771699322913B6D50024DC9E /* Resources */ = {
			isa = PBXResourcesBuildPhase;
			buildActionMask = 2147483647;
			files = (
				771699472913B6D80024DC9E /* LaunchScreen.storyboard in Resources */,
				771699442913B6D80024DC9E /* Assets.xcassets in Resources */,
				771699422913B6D50024DC9E /* Main.storyboard in Resources */,
			);
			runOnlyForDeploymentPostprocessing = 0;
		};
/* End PBXResourcesBuildPhase section */

/* Begin PBXShellScriptBuildPhase section */
		29480C56759E59499813ED3F /* [CP] Embed Pods Frameworks */ = {
			isa = PBXShellScriptBuildPhase;
			buildActionMask = 2147483647;
			files = (
			);
			inputFileListPaths = (
				"${PODS_ROOT}/Target Support Files/Pods-BDComponetsSDK/Pods-BDComponetsSDK-frameworks-${CONFIGURATION}-input-files.xcfilelist",
			);
			name = "[CP] Embed Pods Frameworks";
			outputFileListPaths = (
				"${PODS_ROOT}/Target Support Files/Pods-BDComponetsSDK/Pods-BDComponetsSDK-frameworks-${CONFIGURATION}-output-files.xcfilelist",
			);
			runOnlyForDeploymentPostprocessing = 0;
			shellPath = /bin/sh;
			shellScript = "\"${PODS_ROOT}/Target Support Files/Pods-BDComponetsSDK/Pods-BDComponetsSDK-frameworks.sh\"\n";
			showEnvVarsInLog = 0;
		};
		C40F76AFC06939F533F92BAF /* [CP] Check Pods Manifest.lock */ = {
			isa = PBXShellScriptBuildPhase;
			buildActionMask = 2147483647;
			files = (
			);
			inputFileListPaths = (
			);
			inputPaths = (
				"${PODS_PODFILE_DIR_PATH}/Podfile.lock",
				"${PODS_ROOT}/Manifest.lock",
			);
			name = "[CP] Check Pods Manifest.lock";
			outputFileListPaths = (
			);
			outputPaths = (
				"$(DERIVED_FILE_DIR)/Pods-BDComponetsSDK-checkManifestLockResult.txt",
			);
			runOnlyForDeploymentPostprocessing = 0;
			shellPath = /bin/sh;
			shellScript = "diff \"${PODS_PODFILE_DIR_PATH}/Podfile.lock\" \"${PODS_ROOT}/Manifest.lock\" > /dev/null\nif [ $? != 0 ] ; then\n    # print error to STDERR\n    echo \"error: The sandbox is not in sync with the Podfile.lock. Run 'pod install' or update your CocoaPods installation.\" >&2\n    exit 1\nfi\n# This output is used by Xcode 'outputs' to avoid re-running this script phase.\necho \"SUCCESS\" > \"${SCRIPT_OUTPUT_FILE_0}\"\n";
			showEnvVarsInLog = 0;
		};
/* End PBXShellScriptBuildPhase section */

/* Begin PBXSourcesBuildPhase section */
		771699302913B6D50024DC9E /* Sources */ = {
			isa = PBXSourcesBuildPhase;
			buildActionMask = 2147483647;
			files = (
				7716993F2913B6D50024DC9E /* ViewController.m in Sources */,
				771699392913B6D50024DC9E /* AppDelegate.m in Sources */,
				7716994A2913B6D80024DC9E /* main.m in Sources */,
				7716993C2913B6D50024DC9E /* SceneDelegate.m in Sources */,
			);
			runOnlyForDeploymentPostprocessing = 0;
		};
/* End PBXSourcesBuildPhase section */

/* Begin PBXVariantGroup section */
		771699402913B6D50024DC9E /* Main.storyboard */ = {
			isa = PBXVariantGroup;
			children = (
				771699412913B6D50024DC9E /* Base */,
			);
			name = Main.storyboard;
			sourceTree = "<group>";
		};
		771699452913B6D80024DC9E /* LaunchScreen.storyboard */ = {
			isa = PBXVariantGroup;
			children = (
				771699462913B6D80024DC9E /* Base */,
			);
			name = LaunchScreen.storyboard;
			sourceTree = "<group>";
		};
/* End PBXVariantGroup section */

/* Begin XCBuildConfiguration section */
		7716994B2913B6D80024DC9E /* Debug */ = {
			isa = XCBuildConfiguration;
			buildSettings = {
				ALWAYS_SEARCH_USER_PATHS = NO;
				CLANG_ANALYZER_NONNULL = YES;
				CLANG_ANALYZER_NUMBER_OBJECT_CONVERSION = YES_AGGRESSIVE;
				CLANG_CXX_LANGUAGE_STANDARD = "gnu++17";
				CLANG_ENABLE_MODULES = YES;
				CLANG_ENABLE_OBJC_ARC = YES;
				CLANG_ENABLE_OBJC_WEAK = YES;
				CLANG_WARN_BLOCK_CAPTURE_AUTORELEASING = YES;
				CLANG_WARN_BOOL_CONVERSION = YES;
				CLANG_WARN_COMMA = YES;
				CLANG_WARN_CONSTANT_CONVERSION = YES;
				CLANG_WARN_DEPRECATED_OBJC_IMPLEMENTATIONS = YES;
				CLANG_WARN_DIRECT_OBJC_ISA_USAGE = YES_ERROR;
				CLANG_WARN_DOCUMENTATION_COMMENTS = YES;
				CLANG_WARN_EMPTY_BODY = YES;
				CLANG_WARN_ENUM_CONVERSION = YES;
				CLANG_WARN_INFINITE_RECURSION = YES;
				CLANG_WARN_INT_CONVERSION = YES;
				CLANG_WARN_NON_LITERAL_NULL_CONVERSION = YES;
				CLANG_WARN_OBJC_IMPLICIT_RETAIN_SELF = YES;
				CLANG_WARN_OBJC_LITERAL_CONVERSION = YES;
				CLANG_WARN_OBJC_ROOT_CLASS = YES_ERROR;
				CLANG_WARN_QUOTED_INCLUDE_IN_FRAMEWORK_HEADER = YES;
				CLANG_WARN_RANGE_LOOP_ANALYSIS = YES;
				CLANG_WARN_STRICT_PROTOTYPES = YES;
				CLANG_WARN_SUSPICIOUS_MOVE = YES;
				CLANG_WARN_UNGUARDED_AVAILABILITY = YES_AGGRESSIVE;
				CLANG_WARN_UNREACHABLE_CODE = YES;
				CLANG_WARN__DUPLICATE_METHOD_MATCH = YES;
				COPY_PHASE_STRIP = NO;
				DEBUG_INFORMATION_FORMAT = dwarf;
				ENABLE_STRICT_OBJC_MSGSEND = YES;
				ENABLE_TESTABILITY = YES;
				GCC_C_LANGUAGE_STANDARD = gnu11;
				GCC_DYNAMIC_NO_PIC = NO;
				GCC_NO_COMMON_BLOCKS = YES;
				GCC_OPTIMIZATION_LEVEL = 0;
				GCC_PREPROCESSOR_DEFINITIONS = (
					"DEBUG=1",
					"$(inherited)",
				);
				GCC_WARN_64_TO_32_BIT_CONVERSION = YES;
				GCC_WARN_ABOUT_RETURN_TYPE = YES_ERROR;
				GCC_WARN_UNDECLARED_SELECTOR = YES;
				GCC_WARN_UNINITIALIZED_AUTOS = YES_AGGRESSIVE;
				GCC_WARN_UNUSED_FUNCTION = YES;
				GCC_WARN_UNUSED_VARIABLE = YES;
				IPHONEOS_DEPLOYMENT_TARGET = 15.5;
				MTL_ENABLE_DEBUG_INFO = INCLUDE_SOURCE;
				MTL_FAST_MATH = YES;
				ONLY_ACTIVE_ARCH = YES;
				SDKROOT = iphoneos;
			};
			name = Debug;
		};
		7716994C2913B6D80024DC9E /* Release */ = {
			isa = XCBuildConfiguration;
			buildSettings = {
				ALWAYS_SEARCH_USER_PATHS = NO;
				CLANG_ANALYZER_NONNULL = YES;
				CLANG_ANALYZER_NUMBER_OBJECT_CONVERSION = YES_AGGRESSIVE;
				CLANG_CXX_LANGUAGE_STANDARD = "gnu++17";
				CLANG_ENABLE_MODULES = YES;
				CLANG_ENABLE_OBJC_ARC = YES;
				CLANG_ENABLE_OBJC_WEAK = YES;
				CLANG_WARN_BLOCK_CAPTURE_AUTORELEASING = YES;
				CLANG_WARN_BOOL_CONVERSION = YES;
				CLANG_WARN_COMMA = YES;
				CLANG_WARN_CONSTANT_CONVERSION = YES;
				CLANG_WARN_DEPRECATED_OBJC_IMPLEMENTATIONS = YES;
				CLANG_WARN_DIRECT_OBJC_ISA_USAGE = YES_ERROR;
				CLANG_WARN_DOCUMENTATION_COMMENTS = YES;
				CLANG_WARN_EMPTY_BODY = YES;
				CLANG_WARN_ENUM_CONVERSION = YES;
				CLANG_WARN_INFINITE_RECURSION = YES;
				CLANG_WARN_INT_CONVERSION = YES;
				CLANG_WARN_NON_LITERAL_NULL_CONVERSION = YES;
				CLANG_WARN_OBJC_IMPLICIT_RETAIN_SELF = YES;
				CLANG_WARN_OBJC_LITERAL_CONVERSION = YES;
				CLANG_WARN_OBJC_ROOT_CLASS = YES_ERROR;
				CLANG_WARN_QUOTED_INCLUDE_IN_FRAMEWORK_HEADER = YES;
				CLANG_WARN_RANGE_LOOP_ANALYSIS = YES;
				CLANG_WARN_STRICT_PROTOTYPES = YES;
				CLANG_WARN_SUSPICIOUS_MOVE = YES;
				CLANG_WARN_UNGUARDED_AVAILABILITY = YES_AGGRESSIVE;
				CLANG_WARN_UNREACHABLE_CODE = YES;
				CLANG_WARN__DUPLICATE_METHOD_MATCH = YES;
				COPY_PHASE_STRIP = NO;
				DEBUG_INFORMATION_FORMAT = "dwarf-with-dsym";
				ENABLE_NS_ASSERTIONS = NO;
				ENABLE_STRICT_OBJC_MSGSEND = YES;
				GCC_C_LANGUAGE_STANDARD = gnu11;
				GCC_NO_COMMON_BLOCKS = YES;
				GCC_WARN_64_TO_32_BIT_CONVERSION = YES;
				GCC_WARN_ABOUT_RETURN_TYPE = YES_ERROR;
				GCC_WARN_UNDECLARED_SELECTOR = YES;
				GCC_WARN_UNINITIALIZED_AUTOS = YES_AGGRESSIVE;
				GCC_WARN_UNUSED_FUNCTION = YES;
				GCC_WARN_UNUSED_VARIABLE = YES;
				IPHONEOS_DEPLOYMENT_TARGET = 15.5;
				MTL_ENABLE_DEBUG_INFO = NO;
				MTL_FAST_MATH = YES;
				SDKROOT = iphoneos;
				VALIDATE_PRODUCT = YES;
			};
			name = Release;
		};
		7716994E2913B6D80024DC9E /* Debug */ = {
			isa = XCBuildConfiguration;
			baseConfigurationReference = 38EFABEA29EBE250CA31E1CF /* Pods-BDComponetsSDK.debug.xcconfig */;
			buildSettings = {
				ASSETCATALOG_COMPILER_APPICON_NAME = AppIcon;
				ASSETCATALOG_COMPILER_GLOBAL_ACCENT_COLOR_NAME = AccentColor;
				BUILD_LIBRARY_FOR_DISTRIBUTION = YES;
				CODE_SIGN_STYLE = Automatic;
				CURRENT_PROJECT_VERSION = 1;
				GENERATE_INFOPLIST_FILE = YES;
				INFOPLIST_FILE = BDComponetsSDK/Info.plist;
				INFOPLIST_KEY_UIApplicationSupportsIndirectInputEvents = YES;
				INFOPLIST_KEY_UILaunchStoryboardName = LaunchScreen;
				INFOPLIST_KEY_UIMainStoryboardFile = Main;
				INFOPLIST_KEY_UISupportedInterfaceOrientations_iPad = "UIInterfaceOrientationPortrait UIInterfaceOrientationPortraitUpsideDown UIInterfaceOrientationLandscapeLeft UIInterfaceOrientationLandscapeRight";
				INFOPLIST_KEY_UISupportedInterfaceOrientations_iPhone = "UIInterfaceOrientationPortrait UIInterfaceOrientationLandscapeLeft UIInterfaceOrientationLandscapeRight";
				LD_RUNPATH_SEARCH_PATHS = (
					"$(inherited)",
					"@executable_path/Frameworks",
				);
				MARKETING_VERSION = 1.0;
				PRODUCT_BUNDLE_IDENTIFIER = f.BDComponetsSDK;
				PRODUCT_NAME = "$(TARGET_NAME)";
				SWIFT_EMIT_LOC_STRINGS = YES;
				TARGETED_DEVICE_FAMILY = "1,2";
			};
			name = Debug;
		};
		7716994F2913B6D80024DC9E /* Release */ = {
			isa = XCBuildConfiguration;
			baseConfigurationReference = E86AAA37CF45CCA488C04803 /* Pods-BDComponetsSDK.release.xcconfig */;
			buildSettings = {
				ASSETCATALOG_COMPILER_APPICON_NAME = AppIcon;
				ASSETCATALOG_COMPILER_GLOBAL_ACCENT_COLOR_NAME = AccentColor;
				BUILD_LIBRARY_FOR_DISTRIBUTION = YES;
				CODE_SIGN_STYLE = Automatic;
				CURRENT_PROJECT_VERSION = 1;
				GENERATE_INFOPLIST_FILE = YES;
				INFOPLIST_FILE = BDComponetsSDK/Info.plist;
				INFOPLIST_KEY_UIApplicationSupportsIndirectInputEvents = YES;
				INFOPLIST_KEY_UILaunchStoryboardName = LaunchScreen;
				INFOPLIST_KEY_UIMainStoryboardFile = Main;
				INFOPLIST_KEY_UISupportedInterfaceOrientations_iPad = "UIInterfaceOrientationPortrait UIInterfaceOrientationPortraitUpsideDown UIInterfaceOrientationLandscapeLeft UIInterfaceOrientationLandscapeRight";
				INFOPLIST_KEY_UISupportedInterfaceOrientations_iPhone = "UIInterfaceOrientationPortrait UIInterfaceOrientationLandscapeLeft UIInterfaceOrientationLandscapeRight";
				LD_RUNPATH_SEARCH_PATHS = (
					"$(inherited)",
					"@executable_path/Frameworks",
				);
				MARKETING_VERSION = 1.0;
				PRODUCT_BUNDLE_IDENTIFIER = f.BDComponetsSDK;
				PRODUCT_NAME = "$(TARGET_NAME)";
				SWIFT_EMIT_LOC_STRINGS = YES;
				TARGETED_DEVICE_FAMILY = "1,2";
			};
			name = Release;
		};
/* End XCBuildConfiguration section */

/* Begin XCConfigurationList section */
		7716992F2913B6D50024DC9E /* Build configuration list for PBXProject "BDComponetsSDK" */ = {
			isa = XCConfigurationList;
			buildConfigurations = (
				7716994B2913B6D80024DC9E /* Debug */,
				7716994C2913B6D80024DC9E /* Release */,
			);
			defaultConfigurationIsVisible = 0;
			defaultConfigurationName = Release;
		};
		7716994D2913B6D80024DC9E /* Build configuration list for PBXNativeTarget "BDComponetsSDK" */ = {
			isa = XCConfigurationList;
			buildConfigurations = (
				7716994E2913B6D80024DC9E /* Debug */,
				7716994F2913B6D80024DC9E /* Release */,
			);
			defaultConfigurationIsVisible = 0;
			defaultConfigurationName = Release;
		};
/* End XCConfigurationList section */
	};
	rootObject = 7716992C2913B6D50024DC9E /* Project object */;
}
